
Microsoft Visual Studio Solution File, Format Version 12.00
# Visual Studio 14
VisualStudioVersion = 14.0.24720.0
MinimumVisualStudioVersion = 10.0.40219.1
Project("{FAE04EC0-301F-11D3-BF4B-00C04F79EFBC}") = "kitaazuDemoApp001", "kitaazuDemoApp001\kitaazuDemoApp001.csproj", "{4A9EB643-B8F7-4F6D-9DE0-11590FB8DD30}"
EndProject
Project("{FAE04EC0-301F-11D3-BF4B-00C04F79EFBC}") = "DataFileStorage1", "DataFileStorage1\DataFileStorage1.csproj", "{6498E995-C760-4920-8FF8-4A3EE3842D20}"
EndProject
Global
	GlobalSection(SolutionConfigurationPlatforms) = preSolution
		Debug|Any CPU = Debug|Any CPU
		Release|Any CPU = Release|Any CPU
	EndGlobalSection
	GlobalSection(ProjectConfigurationPlatforms) = postSolution
		{4A9EB643-B8F7-4F6D-9DE0-11590FB8DD30}.Debug|Any CPU.ActiveCfg = Debug|Any CPU
		{4A9EB643-B8F7-4F6D-9DE0-11590FB8DD30}.Debug|Any CPU.Build.0 = Debug|Any CPU
		{4A9EB643-B8F7-4F6D-9DE0-11590FB8DD30}.Release|Any CPU.ActiveCfg = Release|Any CPU
		{4A9EB643-B8F7-4F6D-9DE0-11590FB8DD30}.Release|Any CPU.Build.0 = Release|Any CPU
		{6498E995-C760-4920-8FF8-4A3EE3842D20}.Debug|Any CPU.ActiveCfg = Debug|Any CPU
		{6498E995-C760-4920-8FF8-4A3EE3842D20}.Debug|Any CPU.Build.0 = Debug|Any CPU
		{6498E995-C760-4920-8FF8-4A3EE3842D20}.Release|Any CPU.ActiveCfg = Release|Any CPU
		{6498E995-C760-4920-8FF8-4A3EE3842D20}.Release|Any CPU.Build.0 = Release|Any CPU
	EndGlobalSection
	GlobalSection(SolutionProperties) = preSolution
		HideSolutionNode = FALSE
	EndGlobalSection
EndGlobal
